
Microsoft Visual Studio Solution File, Format Version 12.00
# Visual Studio Version 16
VisualStudioVersion = 16.0.30907.101
MinimumVisualStudioVersion = 10.0.40219.1
Project("{FAE04EC0-301F-11D3-BF4B-00C04F79EFBC}") = "Proj5-1_Dice_Roller", "Proj5-1_Dice_Roller\Proj5-1_Dice_Roller.csproj", "{4701B19D-FB70-43E8-9419-F2AAC036112F}"
EndProject
Global
	GlobalSection(SolutionConfigurationPlatforms) = preSolution
		Debug|Any CPU = Debug|Any CPU
		Release|Any CPU = Release|Any CPU
	EndGlobalSection
	GlobalSection(ProjectConfigurationPlatforms) = postSolution
		{4701B19D-FB70-43E8-9419-F2AAC036112F}.Debug|Any CPU.ActiveCfg = Debug|Any CPU
		{4701B19D-FB70-43E8-9419-F2AAC036112F}.Debug|Any CPU.Build.0 = Debug|Any CPU
		{4701B19D-FB70-43E8-9419-F2AAC036112F}.Release|Any CPU.ActiveCfg = Release|Any CPU
		{4701B19D-FB70-43E8-9419-F2AAC036112F}.Release|Any CPU.Build.0 = Release|Any CPU
	EndGlobalSection
	GlobalSection(SolutionProperties) = preSolution
		HideSolutionNode = FALSE
	EndGlobalSection
	GlobalSection(ExtensibilityGlobals) = postSolution
		SolutionGuid = {4623919D-D2DE-43F7-AB66-AE6103F1CDD8}
	EndGlobalSection
EndGlobal
