
Microsoft Visual Studio Solution File, Format Version 12.00
# Visual Studio Version 16
VisualStudioVersion = 16.0.30907.101
MinimumVisualStudioVersion = 10.0.40219.1
Project("{FAE04EC0-301F-11D3-BF4B-00C04F79EFBC}") = "bmdb-console", "bmdb-console\bmdb-console.csproj", "{2B7A4681-D47A-430C-A665-9E5DF358C29B}"
EndProject
Global
	GlobalSection(SolutionConfigurationPlatforms) = preSolution
		Debug|Any CPU = Debug|Any CPU
		Release|Any CPU = Release|Any CPU
	EndGlobalSection
	GlobalSection(ProjectConfigurationPlatforms) = postSolution
		{2B7A4681-D47A-430C-A665-9E5DF358C29B}.Debug|Any CPU.ActiveCfg = Debug|Any CPU
		{2B7A4681-D47A-430C-A665-9E5DF358C29B}.Debug|Any CPU.Build.0 = Debug|Any CPU
		{2B7A4681-D47A-430C-A665-9E5DF358C29B}.Release|Any CPU.ActiveCfg = Release|Any CPU
		{2B7A4681-D47A-430C-A665-9E5DF358C29B}.Release|Any CPU.Build.0 = Release|Any CPU
	EndGlobalSection
	GlobalSection(SolutionProperties) = preSolution
		HideSolutionNode = FALSE
	EndGlobalSection
	GlobalSection(ExtensibilityGlobals) = postSolution
		SolutionGuid = {B8F2003D-4425-4DF4-ABCB-B6816309AA81}
	EndGlobalSection
EndGlobal
