
Microsoft Visual Studio Solution File, Format Version 12.00
# Visual Studio Version 16
VisualStudioVersion = 16.0.30907.101
MinimumVisualStudioVersion = 10.0.40219.1
Project("{FAE04EC0-301F-11D3-BF4B-00C04F79EFBC}") = "Proj3-1_Temperature_Converter", "Proj3-1_Temperature_Converter\Proj3-1_Temperature_Converter.csproj", "{39EBBE11-125F-4BEB-8E63-50677B99147C}"
EndProject
Global
	GlobalSection(SolutionConfigurationPlatforms) = preSolution
		Debug|Any CPU = Debug|Any CPU
		Release|Any CPU = Release|Any CPU
	EndGlobalSection
	GlobalSection(ProjectConfigurationPlatforms) = postSolution
		{39EBBE11-125F-4BEB-8E63-50677B99147C}.Debug|Any CPU.ActiveCfg = Debug|Any CPU
		{39EBBE11-125F-4BEB-8E63-50677B99147C}.Debug|Any CPU.Build.0 = Debug|Any CPU
		{39EBBE11-125F-4BEB-8E63-50677B99147C}.Release|Any CPU.ActiveCfg = Release|Any CPU
		{39EBBE11-125F-4BEB-8E63-50677B99147C}.Release|Any CPU.Build.0 = Release|Any CPU
	EndGlobalSection
	GlobalSection(SolutionProperties) = preSolution
		HideSolutionNode = FALSE
	EndGlobalSection
	GlobalSection(ExtensibilityGlobals) = postSolution
		SolutionGuid = {A2DC8C75-B2C3-452E-8702-C9F9CD51923A}
	EndGlobalSection
EndGlobal
