
Microsoft Visual Studio Solution File, Format Version 12.00
# Visual Studio Version 16
VisualStudioVersion = 16.0.30907.101
MinimumVisualStudioVersion = 10.0.40219.1
Project("{FAE04EC0-301F-11D3-BF4B-00C04F79EFBC}") = "Proj4-2_Factorial_Calculator", "Proj4-2_Factorial_Calculator\Proj4-2_Factorial_Calculator.csproj", "{8D1DCB8C-00FF-4F7C-895D-51DA0E42F8E9}"
EndProject
Global
	GlobalSection(SolutionConfigurationPlatforms) = preSolution
		Debug|Any CPU = Debug|Any CPU
		Release|Any CPU = Release|Any CPU
	EndGlobalSection
	GlobalSection(ProjectConfigurationPlatforms) = postSolution
		{8D1DCB8C-00FF-4F7C-895D-51DA0E42F8E9}.Debug|Any CPU.ActiveCfg = Debug|Any CPU
		{8D1DCB8C-00FF-4F7C-895D-51DA0E42F8E9}.Debug|Any CPU.Build.0 = Debug|Any CPU
		{8D1DCB8C-00FF-4F7C-895D-51DA0E42F8E9}.Release|Any CPU.ActiveCfg = Release|Any CPU
		{8D1DCB8C-00FF-4F7C-895D-51DA0E42F8E9}.Release|Any CPU.Build.0 = Release|Any CPU
	EndGlobalSection
	GlobalSection(SolutionProperties) = preSolution
		HideSolutionNode = FALSE
	EndGlobalSection
	GlobalSection(ExtensibilityGlobals) = postSolution
		SolutionGuid = {2F14E2E8-8570-4A32-B2F1-080018DA0D1F}
	EndGlobalSection
EndGlobal
